// !$*UTF8*$!
{
	archiveVersion = 1;
	classes = {
	};
	objectVersion = 56;
	objects = {

/* Begin PBXBuildFile section */
		C88E47562B053B1000A6A3B4 /* PremiumCard34MLApp.swift in Sources */ = {isa = PBXBuildFile; fileRef = C88E47552B053B1000A6A3B4 /* PremiumCard34MLApp.swift */; };
		C88E47582B053B1000A6A3B4 /* ContentView.swift in Sources */ = {isa = PBXBuildFile; fileRef = C88E47572B053B1000A6A3B4 /* ContentView.swift */; };
		C88E475A2B053B1100A6A3B4 /* Assets.xcassets in Resources */ = {isa = PBXBuildFile; fileRef = C88E47592B053B1100A6A3B4 /* Assets.xcassets */; };
		C88E475D2B053B1100A6A3B4 /* Preview Assets.xcassets in Resources */ = {isa = PBXBuildFile; fileRef = C88E475C2B053B1100A6A3B4 /* Preview Assets.xcassets */; };
		C88E47672B053B1100A6A3B4 /* PremiumCard34MLTests.swift in Sources */ = {isa = PBXBuildFile; fileRef = C88E47662B053B1100A6A3B4 /* PremiumCard34MLTests.swift */; };
		C88E47712B053B1100A6A3B4 /* PremiumCard34MLUITests.swift in Sources */ = {isa = PBXBuildFile; fileRef = C88E47702B053B1100A6A3B4 /* PremiumCard34MLUITests.swift */; };
		C88E47732B053B1100A6A3B4 /* PremiumCard34MLUITestsLaunchTests.swift in Sources */ = {isa = PBXBuildFile; fileRef = C88E47722B053B1100A6A3B4 /* PremiumCard34MLUITestsLaunchTests.swift */; };
		C88E47852B053D1900A6A3B4 /* SliderModel.swift in Sources */ = {isa = PBXBuildFile; fileRef = C88E47842B053D1900A6A3B4 /* SliderModel.swift */; };
		C88E47882B053D3800A6A3B4 /* OfferModel.swift in Sources */ = {isa = PBXBuildFile; fileRef = C88E47872B053D3800A6A3B4 /* OfferModel.swift */; };
		C88E478A2B053D8900A6A3B4 /* CategoryModel.swift in Sources */ = {isa = PBXBuildFile; fileRef = C88E47892B053D8900A6A3B4 /* CategoryModel.swift */; };
		C88E478E2B053DB200A6A3B4 /* VendorModel.swift in Sources */ = {isa = PBXBuildFile; fileRef = C88E478D2B053DB200A6A3B4 /* VendorModel.swift */; };
		C88E479A2B053E3900A6A3B4 /* NetworkService.swift in Sources */ = {isa = PBXBuildFile; fileRef = C88E47992B053E3900A6A3B4 /* NetworkService.swift */; };
		C88E479C2B053E4F00A6A3B4 /* CacheService.swift in Sources */ = {isa = PBXBuildFile; fileRef = C88E479B2B053E4F00A6A3B4 /* CacheService.swift */; };
		C88E47A12B053F2D00A6A3B4 /* HomeViewModel.swift in Sources */ = {isa = PBXBuildFile; fileRef = C88E47A02B053F2D00A6A3B4 /* HomeViewModel.swift */; };
		C88E47A32B053F3F00A6A3B4 /* CatalogViewModel.swift in Sources */ = {isa = PBXBuildFile; fileRef = C88E47A22B053F3F00A6A3B4 /* CatalogViewModel.swift */; };
		C88E47A52B053F4D00A6A3B4 /* SingleVendorViewModel.swift in Sources */ = {isa = PBXBuildFile; fileRef = C88E47A42B053F4D00A6A3B4 /* SingleVendorViewModel.swift */; };
		C88E47A72B0540AA00A6A3B4 /* HomeData.swift in Sources */ = {isa = PBXBuildFile; fileRef = C88E47A62B0540AA00A6A3B4 /* HomeData.swift */; };
		C88E47A92B05601400A6A3B4 /* HomeView.swift in Sources */ = {isa = PBXBuildFile; fileRef = C88E47A82B05601400A6A3B4 /* HomeView.swift */; };
		C88E47AD2B056FBB00A6A3B4 /* CatalogView.swift in Sources */ = {isa = PBXBuildFile; fileRef = C88E47AC2B056FBB00A6A3B4 /* CatalogView.swift */; };
		C88E47AF2B0578AD00A6A3B4 /* VendorDetailsView.swift in Sources */ = {isa = PBXBuildFile; fileRef = C88E47AE2B0578AD00A6A3B4 /* VendorDetailsView.swift */; };
/* End PBXBuildFile section */

/* Begin PBXContainerItemProxy section */
		C88E47632B053B1100A6A3B4 /* PBXContainerItemProxy */ = {
			isa = PBXContainerItemProxy;
			containerPortal = C88E474A2B053B1000A6A3B4 /* Project object */;
			proxyType = 1;
			remoteGlobalIDString = C88E47512B053B1000A6A3B4;
			remoteInfo = PremiumCard34ML;
		};
		C88E476D2B053B1100A6A3B4 /* PBXContainerItemProxy */ = {
			isa = PBXContainerItemProxy;
			containerPortal = C88E474A2B053B1000A6A3B4 /* Project object */;
			proxyType = 1;
			remoteGlobalIDString = C88E47512B053B1000A6A3B4;
			remoteInfo = PremiumCard34ML;
		};
/* End PBXContainerItemProxy section */

/* Begin PBXFileReference section */
		C88E47522B053B1000A6A3B4 /* PremiumCard34ML.app */ = {isa = PBXFileReference; explicitFileType = wrapper.application; includeInIndex = 0; path = PremiumCard34ML.app; sourceTree = BUILT_PRODUCTS_DIR; };
		C88E47552B053B1000A6A3B4 /* PremiumCard34MLApp.swift */ = {isa = PBXFileReference; lastKnownFileType = sourcecode.swift; path = PremiumCard34MLApp.swift; sourceTree = "<group>"; };
		C88E47572B053B1000A6A3B4 /* ContentView.swift */ = {isa = PBXFileReference; lastKnownFileType = sourcecode.swift; path = ContentView.swift; sourceTree = "<group>"; };
		C88E47592B053B1100A6A3B4 /* Assets.xcassets */ = {isa = PBXFileReference; lastKnownFileType = folder.assetcatalog; path = Assets.xcassets; sourceTree = "<group>"; };
		C88E475C2B053B1100A6A3B4 /* Preview Assets.xcassets */ = {isa = PBXFileReference; lastKnownFileType = folder.assetcatalog; path = "Preview Assets.xcassets"; sourceTree = "<group>"; };
		C88E47622B053B1100A6A3B4 /* PremiumCard34MLTests.xctest */ = {isa = PBXFileReference; explicitFileType = wrapper.cfbundle; includeInIndex = 0; path = PremiumCard34MLTests.xctest; sourceTree = BUILT_PRODUCTS_DIR; };
		C88E47662B053B1100A6A3B4 /* PremiumCard34MLTests.swift */ = {isa = PBXFileReference; lastKnownFileType = sourcecode.swift; path = PremiumCard34MLTests.swift; sourceTree = "<group>"; };
		C88E476C2B053B1100A6A3B4 /* PremiumCard34MLUITests.xctest */ = {isa = PBXFileReference; explicitFileType = wrapper.cfbundle; includeInIndex = 0; path = PremiumCard34MLUITests.xctest; sourceTree = BUILT_PRODUCTS_DIR; };
		C88E47702B053B1100A6A3B4 /* PremiumCard34MLUITests.swift */ = {isa = PBXFileReference; lastKnownFileType = sourcecode.swift; path = PremiumCard34MLUITests.swift; sourceTree = "<group>"; };
		C88E47722B053B1100A6A3B4 /* PremiumCard34MLUITestsLaunchTests.swift */ = {isa = PBXFileReference; lastKnownFileType = sourcecode.swift; path = PremiumCard34MLUITestsLaunchTests.swift; sourceTree = "<group>"; };
		C88E47842B053D1900A6A3B4 /* SliderModel.swift */ = {isa = PBXFileReference; lastKnownFileType = sourcecode.swift; path = SliderModel.swift; sourceTree = "<group>"; };
		C88E47872B053D3800A6A3B4 /* OfferModel.swift */ = {isa = PBXFileReference; lastKnownFileType = sourcecode.swift; path = OfferModel.swift; sourceTree = "<group>"; };
		C88E47892B053D8900A6A3B4 /* CategoryModel.swift */ = {isa = PBXFileReference; lastKnownFileType = sourcecode.swift; path = CategoryModel.swift; sourceTree = "<group>"; };
		C88E478D2B053DB200A6A3B4 /* VendorModel.swift */ = {isa = PBXFileReference; lastKnownFileType = sourcecode.swift; path = VendorModel.swift; sourceTree = "<group>"; };
		C88E47992B053E3900A6A3B4 /* NetworkService.swift */ = {isa = PBXFileReference; lastKnownFileType = sourcecode.swift; path = NetworkService.swift; sourceTree = "<group>"; };
		C88E479B2B053E4F00A6A3B4 /* CacheService.swift */ = {isa = PBXFileReference; lastKnownFileType = sourcecode.swift; path = CacheService.swift; sourceTree = "<group>"; };
		C88E47A02B053F2D00A6A3B4 /* HomeViewModel.swift */ = {isa = PBXFileReference; lastKnownFileType = sourcecode.swift; path = HomeViewModel.swift; sourceTree = "<group>"; };
		C88E47A22B053F3F00A6A3B4 /* CatalogViewModel.swift */ = {isa = PBXFileReference; lastKnownFileType = sourcecode.swift; path = CatalogViewModel.swift; sourceTree = "<group>"; };
		C88E47A42B053F4D00A6A3B4 /* SingleVendorViewModel.swift */ = {isa = PBXFileReference; lastKnownFileType = sourcecode.swift; path = SingleVendorViewModel.swift; sourceTree = "<group>"; };
		C88E47A62B0540AA00A6A3B4 /* HomeData.swift */ = {isa = PBXFileReference; lastKnownFileType = sourcecode.swift; path = HomeData.swift; sourceTree = "<group>"; };
		C88E47A82B05601400A6A3B4 /* HomeView.swift */ = {isa = PBXFileReference; lastKnownFileType = sourcecode.swift; path = HomeView.swift; sourceTree = "<group>"; };
		C88E47AC2B056FBB00A6A3B4 /* CatalogView.swift */ = {isa = PBXFileReference; lastKnownFileType = sourcecode.swift; path = CatalogView.swift; sourceTree = "<group>"; };
		C88E47AE2B0578AD00A6A3B4 /* VendorDetailsView.swift */ = {isa = PBXFileReference; lastKnownFileType = sourcecode.swift; path = VendorDetailsView.swift; sourceTree = "<group>"; };
/* End PBXFileReference section */

/* Begin PBXFrameworksBuildPhase section */
		C88E474F2B053B1000A6A3B4 /* Frameworks */ = {
			isa = PBXFrameworksBuildPhase;
			buildActionMask = 2147483647;
			files = (
			);
			runOnlyForDeploymentPostprocessing = 0;
		};
		C88E475F2B053B1100A6A3B4 /* Frameworks */ = {
			isa = PBXFrameworksBuildPhase;
			buildActionMask = 2147483647;
			files = (
			);
			runOnlyForDeploymentPostprocessing = 0;
		};
		C88E47692B053B1100A6A3B4 /* Frameworks */ = {
			isa = PBXFrameworksBuildPhase;
			buildActionMask = 2147483647;
			files = (
			);
			runOnlyForDeploymentPostprocessing = 0;
		};
/* End PBXFrameworksBuildPhase section */

/* Begin PBXGroup section */
		C88E47492B053B1000A6A3B4 = {
			isa = PBXGroup;
			children = (
				C88E47542B053B1000A6A3B4 /* PremiumCard34ML */,
				C88E47652B053B1100A6A3B4 /* PremiumCard34MLTests */,
				C88E476F2B053B1100A6A3B4 /* PremiumCard34MLUITests */,
				C88E47532B053B1000A6A3B4 /* Products */,
			);
			sourceTree = "<group>";
		};
		C88E47532B053B1000A6A3B4 /* Products */ = {
			isa = PBXGroup;
			children = (
				C88E47522B053B1000A6A3B4 /* PremiumCard34ML.app */,
				C88E47622B053B1100A6A3B4 /* PremiumCard34MLTests.xctest */,
				C88E476C2B053B1100A6A3B4 /* PremiumCard34MLUITests.xctest */,
			);
			name = Products;
			sourceTree = "<group>";
		};
		C88E47542B053B1000A6A3B4 /* PremiumCard34ML */ = {
			isa = PBXGroup;
			children = (
				C88E47832B053CC600A6A3B4 /* Models */,
				C88E47802B053C2700A6A3B4 /* Views */,
				C88E479D2B053EF800A6A3B4 /* ViewModels */,
				C88E47812B053C2F00A6A3B4 /* Services */,
				C88E47822B053C4B00A6A3B4 /* SupportingFiles */,
				C88E47552B053B1000A6A3B4 /* PremiumCard34MLApp.swift */,
				C88E47572B053B1000A6A3B4 /* ContentView.swift */,
				C88E47592B053B1100A6A3B4 /* Assets.xcassets */,
				C88E475B2B053B1100A6A3B4 /* Preview Content */,
			);
			path = PremiumCard34ML;
			sourceTree = "<group>";
		};
		C88E475B2B053B1100A6A3B4 /* Preview Content */ = {
			isa = PBXGroup;
			children = (
				C88E475C2B053B1100A6A3B4 /* Preview Assets.xcassets */,
			);
			path = "Preview Content";
			sourceTree = "<group>";
		};
		C88E47652B053B1100A6A3B4 /* PremiumCard34MLTests */ = {
			isa = PBXGroup;
			children = (
				C88E47662B053B1100A6A3B4 /* PremiumCard34MLTests.swift */,
			);
			path = PremiumCard34MLTests;
			sourceTree = "<group>";
		};
		C88E476F2B053B1100A6A3B4 /* PremiumCard34MLUITests */ = {
			isa = PBXGroup;
			children = (
				C88E47702B053B1100A6A3B4 /* PremiumCard34MLUITests.swift */,
				C88E47722B053B1100A6A3B4 /* PremiumCard34MLUITestsLaunchTests.swift */,
			);
			path = PremiumCard34MLUITests;
			sourceTree = "<group>";
		};
		C88E47802B053C2700A6A3B4 /* Views */ = {
			isa = PBXGroup;
			children = (
				C88E47A82B05601400A6A3B4 /* HomeView.swift */,
				C88E47AC2B056FBB00A6A3B4 /* CatalogView.swift */,
				C88E47AE2B0578AD00A6A3B4 /* VendorDetailsView.swift */,
			);
			path = Views;
			sourceTree = "<group>";
		};
		C88E47812B053C2F00A6A3B4 /* Services */ = {
			isa = PBXGroup;
			children = (
				C88E47992B053E3900A6A3B4 /* NetworkService.swift */,
				C88E479B2B053E4F00A6A3B4 /* CacheService.swift */,
			);
			path = Services;
			sourceTree = "<group>";
		};
		C88E47822B053C4B00A6A3B4 /* SupportingFiles */ = {
			isa = PBXGroup;
			children = (
			);
			path = SupportingFiles;
			sourceTree = "<group>";
		};
		C88E47832B053CC600A6A3B4 /* Models */ = {
			isa = PBXGroup;
			children = (
				C88E47842B053D1900A6A3B4 /* SliderModel.swift */,
				C88E47872B053D3800A6A3B4 /* OfferModel.swift */,
				C88E47892B053D8900A6A3B4 /* CategoryModel.swift */,
				C88E478D2B053DB200A6A3B4 /* VendorModel.swift */,
				C88E47A62B0540AA00A6A3B4 /* HomeData.swift */,
			);
			path = Models;
			sourceTree = "<group>";
		};
		C88E479D2B053EF800A6A3B4 /* ViewModels */ = {
			isa = PBXGroup;
			children = (
				C88E47A02B053F2D00A6A3B4 /* HomeViewModel.swift */,
				C88E47A22B053F3F00A6A3B4 /* CatalogViewModel.swift */,
				C88E47A42B053F4D00A6A3B4 /* SingleVendorViewModel.swift */,
			);
			path = ViewModels;
			sourceTree = "<group>";
		};
/* End PBXGroup section */

/* Begin PBXNativeTarget section */
		C88E47512B053B1000A6A3B4 /* PremiumCard34ML */ = {
			isa = PBXNativeTarget;
			buildConfigurationList = C88E47762B053B1100A6A3B4 /* Build configuration list for PBXNativeTarget "PremiumCard34ML" */;
			buildPhases = (
				C88E474E2B053B1000A6A3B4 /* Sources */,
				C88E474F2B053B1000A6A3B4 /* Frameworks */,
				C88E47502B053B1000A6A3B4 /* Resources */,
			);
			buildRules = (
			);
			dependencies = (
			);
			name = PremiumCard34ML;
			productName = PremiumCard34ML;
			productReference = C88E47522B053B1000A6A3B4 /* PremiumCard34ML.app */;
			productType = "com.apple.product-type.application";
		};
		C88E47612B053B1100A6A3B4 /* PremiumCard34MLTests */ = {
			isa = PBXNativeTarget;
			buildConfigurationList = C88E47792B053B1100A6A3B4 /* Build configuration list for PBXNativeTarget "PremiumCard34MLTests" */;
			buildPhases = (
				C88E475E2B053B1100A6A3B4 /* Sources */,
				C88E475F2B053B1100A6A3B4 /* Frameworks */,
				C88E47602B053B1100A6A3B4 /* Resources */,
			);
			buildRules = (
			);
			dependencies = (
				C88E47642B053B1100A6A3B4 /* PBXTargetDependency */,
			);
			name = PremiumCard34MLTests;
			productName = PremiumCard34MLTests;
			productReference = C88E47622B053B1100A6A3B4 /* PremiumCard34MLTests.xctest */;
			productType = "com.apple.product-type.bundle.unit-test";
		};
		C88E476B2B053B1100A6A3B4 /* PremiumCard34MLUITests */ = {
			isa = PBXNativeTarget;
			buildConfigurationList = C88E477C2B053B1100A6A3B4 /* Build configuration list for PBXNativeTarget "PremiumCard34MLUITests" */;
			buildPhases = (
				C88E47682B053B1100A6A3B4 /* Sources */,
				C88E47692B053B1100A6A3B4 /* Frameworks */,
				C88E476A2B053B1100A6A3B4 /* Resources */,
			);
			buildRules = (
			);
			dependencies = (
				C88E476E2B053B1100A6A3B4 /* PBXTargetDependency */,
			);
			name = PremiumCard34MLUITests;
			productName = PremiumCard34MLUITests;
			productReference = C88E476C2B053B1100A6A3B4 /* PremiumCard34MLUITests.xctest */;
			productType = "com.apple.product-type.bundle.ui-testing";
		};
/* End PBXNativeTarget section */

/* Begin PBXProject section */
		C88E474A2B053B1000A6A3B4 /* Project object */ = {
			isa = PBXProject;
			attributes = {
				BuildIndependentTargetsInParallel = 1;
				LastSwiftUpdateCheck = 1500;
				LastUpgradeCheck = 1500;
				TargetAttributes = {
					C88E47512B053B1000A6A3B4 = {
						CreatedOnToolsVersion = 15.0.1;
					};
					C88E47612B053B1100A6A3B4 = {
						CreatedOnToolsVersion = 15.0.1;
						TestTargetID = C88E47512B053B1000A6A3B4;
					};
					C88E476B2B053B1100A6A3B4 = {
						CreatedOnToolsVersion = 15.0.1;
						TestTargetID = C88E47512B053B1000A6A3B4;
					};
				};
			};
			buildConfigurationList = C88E474D2B053B1000A6A3B4 /* Build configuration list for PBXProject "PremiumCard34ML" */;
			compatibilityVersion = "Xcode 14.0";
			developmentRegion = en;
			hasScannedForEncodings = 0;
			knownRegions = (
				en,
				Base,
			);
			mainGroup = C88E47492B053B1000A6A3B4;
			productRefGroup = C88E47532B053B1000A6A3B4 /* Products */;
			projectDirPath = "";
			projectRoot = "";
			targets = (
				C88E47512B053B1000A6A3B4 /* PremiumCard34ML */,
				C88E47612B053B1100A6A3B4 /* PremiumCard34MLTests */,
				C88E476B2B053B1100A6A3B4 /* PremiumCard34MLUITests */,
			);
		};
/* End PBXProject section */

/* Begin PBXResourcesBuildPhase section */
		C88E47502B053B1000A6A3B4 /* Resources */ = {
			isa = PBXResourcesBuildPhase;
			buildActionMask = 2147483647;
			files = (
				C88E475D2B053B1100A6A3B4 /* Preview Assets.xcassets in Resources */,
				C88E475A2B053B1100A6A3B4 /* Assets.xcassets in Resources */,
			);
			runOnlyForDeploymentPostprocessing = 0;
		};
		C88E47602B053B1100A6A3B4 /* Resources */ = {
			isa = PBXResourcesBuildPhase;
			buildActionMask = 2147483647;
			files = (
			);
			runOnlyForDeploymentPostprocessing = 0;
		};
		C88E476A2B053B1100A6A3B4 /* Resources */ = {
			isa = PBXResourcesBuildPhase;
			buildActionMask = 2147483647;
			files = (
			);
			runOnlyForDeploymentPostprocessing = 0;
		};
/* End PBXResourcesBuildPhase section */

/* Begin PBXSourcesBuildPhase section */
		C88E474E2B053B1000A6A3B4 /* Sources */ = {
			isa = PBXSourcesBuildPhase;
			buildActionMask = 2147483647;
			files = (
				C88E47852B053D1900A6A3B4 /* SliderModel.swift in Sources */,
				C88E47A52B053F4D00A6A3B4 /* SingleVendorViewModel.swift in Sources */,
				C88E47582B053B1000A6A3B4 /* ContentView.swift in Sources */,
				C88E47A92B05601400A6A3B4 /* HomeView.swift in Sources */,
				C88E47A72B0540AA00A6A3B4 /* HomeData.swift in Sources */,
				C88E47AF2B0578AD00A6A3B4 /* VendorDetailsView.swift in Sources */,
				C88E478E2B053DB200A6A3B4 /* VendorModel.swift in Sources */,
				C88E47AD2B056FBB00A6A3B4 /* CatalogView.swift in Sources */,
				C88E47A32B053F3F00A6A3B4 /* CatalogViewModel.swift in Sources */,
				C88E47882B053D3800A6A3B4 /* OfferModel.swift in Sources */,
				C88E47A12B053F2D00A6A3B4 /* HomeViewModel.swift in Sources */,
				C88E478A2B053D8900A6A3B4 /* CategoryModel.swift in Sources */,
				C88E479A2B053E3900A6A3B4 /* NetworkService.swift in Sources */,
				C88E47562B053B1000A6A3B4 /* PremiumCard34MLApp.swift in Sources */,
				C88E479C2B053E4F00A6A3B4 /* CacheService.swift in Sources */,
			);
			runOnlyForDeploymentPostprocessing = 0;
		};
		C88E475E2B053B1100A6A3B4 /* Sources */ = {
			isa = PBXSourcesBuildPhase;
			buildActionMask = 2147483647;
			files = (
				C88E47672B053B1100A6A3B4 /* PremiumCard34MLTests.swift in Sources */,
			);
			runOnlyForDeploymentPostprocessing = 0;
		};
		C88E47682B053B1100A6A3B4 /* Sources */ = {
			isa = PBXSourcesBuildPhase;
			buildActionMask = 2147483647;
			files = (
				C88E47732B053B1100A6A3B4 /* PremiumCard34MLUITestsLaunchTests.swift in Sources */,
				C88E47712B053B1100A6A3B4 /* PremiumCard34MLUITests.swift in Sources */,
			);
			runOnlyForDeploymentPostprocessing = 0;
		};
/* End PBXSourcesBuildPhase section */

/* Begin PBXTargetDependency section */
		C88E47642B053B1100A6A3B4 /* PBXTargetDependency */ = {
			isa = PBXTargetDependency;
			target = C88E47512B053B1000A6A3B4 /* PremiumCard34ML */;
			targetProxy = C88E47632B053B1100A6A3B4 /* PBXContainerItemProxy */;
		};
		C88E476E2B053B1100A6A3B4 /* PBXTargetDependency */ = {
			isa = PBXTargetDependency;
			target = C88E47512B053B1000A6A3B4 /* PremiumCard34ML */;
			targetProxy = C88E476D2B053B1100A6A3B4 /* PBXContainerItemProxy */;
		};
/* End PBXTargetDependency section */

/* Begin XCBuildConfiguration section */
		C88E47742B053B1100A6A3B4 /* Debug */ = {
			isa = XCBuildConfiguration;
			buildSettings = {
				ALWAYS_SEARCH_USER_PATHS = NO;
				ASSETCATALOG_COMPILER_GENERATE_SWIFT_ASSET_SYMBOL_EXTENSIONS = YES;
				CLANG_ANALYZER_NONNULL = YES;
				CLANG_ANALYZER_NUMBER_OBJECT_CONVERSION = YES_AGGRESSIVE;
				CLANG_CXX_LANGUAGE_STANDARD = "gnu++20";
				CLANG_ENABLE_MODULES = YES;
				CLANG_ENABLE_OBJC_ARC = YES;
				CLANG_ENABLE_OBJC_WEAK = YES;
				CLANG_WARN_BLOCK_CAPTURE_AUTORELEASING = YES;
				CLANG_WARN_BOOL_CONVERSION = YES;
				CLANG_WARN_COMMA = YES;
				CLANG_WARN_CONSTANT_CONVERSION = YES;
				CLANG_WARN_DEPRECATED_OBJC_IMPLEMENTATIONS = YES;
				CLANG_WARN_DIRECT_OBJC_ISA_USAGE = YES_ERROR;
				CLANG_WARN_DOCUMENTATION_COMMENTS = YES;
				CLANG_WARN_EMPTY_BODY = YES;
				CLANG_WARN_ENUM_CONVERSION = YES;
				CLANG_WARN_INFINITE_RECURSION = YES;
				CLANG_WARN_INT_CONVERSION = YES;
				CLANG_WARN_NON_LITERAL_NULL_CONVERSION = YES;
				CLANG_WARN_OBJC_IMPLICIT_RETAIN_SELF = YES;
				CLANG_WARN_OBJC_LITERAL_CONVERSION = YES;
				CLANG_WARN_OBJC_ROOT_CLASS = YES_ERROR;
				CLANG_WARN_QUOTED_INCLUDE_IN_FRAMEWORK_HEADER = YES;
				CLANG_WARN_RANGE_LOOP_ANALYSIS = YES;
				CLANG_WARN_STRICT_PROTOTYPES = YES;
				CLANG_WARN_SUSPICIOUS_MOVE = YES;
				CLANG_WARN_UNGUARDED_AVAILABILITY = YES_AGGRESSIVE;
				CLANG_WARN_UNREACHABLE_CODE = YES;
				CLANG_WARN__DUPLICATE_METHOD_MATCH = YES;
				COPY_PHASE_STRIP = NO;
				DEBUG_INFORMATION_FORMAT = dwarf;
				ENABLE_STRICT_OBJC_MSGSEND = YES;
				ENABLE_TESTABILITY = YES;
				ENABLE_USER_SCRIPT_SANDBOXING = YES;
				GCC_C_LANGUAGE_STANDARD = gnu17;
				GCC_DYNAMIC_NO_PIC = NO;
				GCC_NO_COMMON_BLOCKS = YES;
				GCC_OPTIMIZATION_LEVEL = 0;
				GCC_PREPROCESSOR_DEFINITIONS = (
					"DEBUG=1",
					"$(inherited)",
				);
				GCC_WARN_64_TO_32_BIT_CONVERSION = YES;
				GCC_WARN_ABOUT_RETURN_TYPE = YES_ERROR;
				GCC_WARN_UNDECLARED_SELECTOR = YES;
				GCC_WARN_UNINITIALIZED_AUTOS = YES_AGGRESSIVE;
				GCC_WARN_UNUSED_FUNCTION = YES;
				GCC_WARN_UNUSED_VARIABLE = YES;
				IPHONEOS_DEPLOYMENT_TARGET = 17.0;
				LOCALIZATION_PREFERS_STRING_CATALOGS = YES;
				MTL_ENABLE_DEBUG_INFO = INCLUDE_SOURCE;
				MTL_FAST_MATH = YES;
				ONLY_ACTIVE_ARCH = YES;
				SDKROOT = iphoneos;
				SWIFT_ACTIVE_COMPILATION_CONDITIONS = "DEBUG $(inherited)";
				SWIFT_OPTIMIZATION_LEVEL = "-Onone";
			};
			name = Debug;
		};
		C88E47752B053B1100A6A3B4 /* Release */ = {
			isa = XCBuildConfiguration;
			buildSettings = {
				ALWAYS_SEARCH_USER_PATHS = NO;
				ASSETCATALOG_COMPILER_GENERATE_SWIFT_ASSET_SYMBOL_EXTENSIONS = YES;
				CLANG_ANALYZER_NONNULL = YES;
				CLANG_ANALYZER_NUMBER_OBJECT_CONVERSION = YES_AGGRESSIVE;
				CLANG_CXX_LANGUAGE_STANDARD = "gnu++20";
				CLANG_ENABLE_MODULES = YES;
				CLANG_ENABLE_OBJC_ARC = YES;
				CLANG_ENABLE_OBJC_WEAK = YES;
				CLANG_WARN_BLOCK_CAPTURE_AUTORELEASING = YES;
				CLANG_WARN_BOOL_CONVERSION = YES;
				CLANG_WARN_COMMA = YES;
				CLANG_WARN_CONSTANT_CONVERSION = YES;
				CLANG_WARN_DEPRECATED_OBJC_IMPLEMENTATIONS = YES;
				CLANG_WARN_DIRECT_OBJC_ISA_USAGE = YES_ERROR;
				CLANG_WARN_DOCUMENTATION_COMMENTS = YES;
				CLANG_WARN_EMPTY_BODY = YES;
				CLANG_WARN_ENUM_CONVERSION = YES;
				CLANG_WARN_INFINITE_RECURSION = YES;
				CLANG_WARN_INT_CONVERSION = YES;
				CLANG_WARN_NON_LITERAL_NULL_CONVERSION = YES;
				CLANG_WARN_OBJC_IMPLICIT_RETAIN_SELF = YES;
				CLANG_WARN_OBJC_LITERAL_CONVERSION = YES;
				CLANG_WARN_OBJC_ROOT_CLASS = YES_ERROR;
				CLANG_WARN_QUOTED_INCLUDE_IN_FRAMEWORK_HEADER = YES;
				CLANG_WARN_RANGE_LOOP_ANALYSIS = YES;
				CLANG_WARN_STRICT_PROTOTYPES = YES;
				CLANG_WARN_SUSPICIOUS_MOVE = YES;
				CLANG_WARN_UNGUARDED_AVAILABILITY = YES_AGGRESSIVE;
				CLANG_WARN_UNREACHABLE_CODE = YES;
				CLANG_WARN__DUPLICATE_METHOD_MATCH = YES;
				COPY_PHASE_STRIP = NO;
				DEBUG_INFORMATION_FORMAT = "dwarf-with-dsym";
				ENABLE_NS_ASSERTIONS = NO;
				ENABLE_STRICT_OBJC_MSGSEND = YES;
				ENABLE_USER_SCRIPT_SANDBOXING = YES;
				GCC_C_LANGUAGE_STANDARD = gnu17;
				GCC_NO_COMMON_BLOCKS = YES;
				GCC_WARN_64_TO_32_BIT_CONVERSION = YES;
				GCC_WARN_ABOUT_RETURN_TYPE = YES_ERROR;
				GCC_WARN_UNDECLARED_SELECTOR = YES;
				GCC_WARN_UNINITIALIZED_AUTOS = YES_AGGRESSIVE;
				GCC_WARN_UNUSED_FUNCTION = YES;
				GCC_WARN_UNUSED_VARIABLE = YES;
				IPHONEOS_DEPLOYMENT_TARGET = 17.0;
				LOCALIZATION_PREFERS_STRING_CATALOGS = YES;
				MTL_ENABLE_DEBUG_INFO = NO;
				MTL_FAST_MATH = YES;
				SDKROOT = iphoneos;
				SWIFT_COMPILATION_MODE = wholemodule;
				VALIDATE_PRODUCT = YES;
			};
			name = Release;
		};
		C88E47772B053B1100A6A3B4 /* Debug */ = {
			isa = XCBuildConfiguration;
			buildSettings = {
				ASSETCATALOG_COMPILER_APPICON_NAME = AppIcon;
				ASSETCATALOG_COMPILER_GLOBAL_ACCENT_COLOR_NAME = AccentColor;
				CODE_SIGN_STYLE = Automatic;
				CURRENT_PROJECT_VERSION = 1;
				DEVELOPMENT_ASSET_PATHS = "\"PremiumCard34ML/Preview Content\"";
				ENABLE_PREVIEWS = YES;
				GENERATE_INFOPLIST_FILE = YES;
				INFOPLIST_KEY_UIApplicationSceneManifest_Generation = YES;
				INFOPLIST_KEY_UIApplicationSupportsIndirectInputEvents = YES;
				INFOPLIST_KEY_UILaunchScreen_Generation = YES;
				INFOPLIST_KEY_UISupportedInterfaceOrientations_iPad = "UIInterfaceOrientationPortrait UIInterfaceOrientationPortraitUpsideDown UIInterfaceOrientationLandscapeLeft UIInterfaceOrientationLandscapeRight";
				INFOPLIST_KEY_UISupportedInterfaceOrientations_iPhone = "UIInterfaceOrientationPortrait UIInterfaceOrientationLandscapeLeft UIInterfaceOrientationLandscapeRight";
				LD_RUNPATH_SEARCH_PATHS = (
					"$(inherited)",
					"@executable_path/Frameworks",
				);
				MARKETING_VERSION = 1.0;
				PRODUCT_BUNDLE_IDENTIFIER = magedmohamed.PremiumCard34ML;
				PRODUCT_NAME = "$(TARGET_NAME)";
				SWIFT_EMIT_LOC_STRINGS = YES;
				SWIFT_VERSION = 5.0;
				TARGETED_DEVICE_FAMILY = "1,2";
			};
			name = Debug;
		};
		C88E47782B053B1100A6A3B4 /* Release */ = {
			isa = XCBuildConfiguration;
			buildSettings = {
				ASSETCATALOG_COMPILER_APPICON_NAME = AppIcon;
				ASSETCATALOG_COMPILER_GLOBAL_ACCENT_COLOR_NAME = AccentColor;
				CODE_SIGN_STYLE = Automatic;
				CURRENT_PROJECT_VERSION = 1;
				DEVELOPMENT_ASSET_PATHS = "\"PremiumCard34ML/Preview Content\"";
				ENABLE_PREVIEWS = YES;
				GENERATE_INFOPLIST_FILE = YES;
				INFOPLIST_KEY_UIApplicationSceneManifest_Generation = YES;
				INFOPLIST_KEY_UIApplicationSupportsIndirectInputEvents = YES;
				INFOPLIST_KEY_UILaunchScreen_Generation = YES;
				INFOPLIST_KEY_UISupportedInterfaceOrientations_iPad = "UIInterfaceOrientationPortrait UIInterfaceOrientationPortraitUpsideDown UIInterfaceOrientationLandscapeLeft UIInterfaceOrientationLandscapeRight";
				INFOPLIST_KEY_UISupportedInterfaceOrientations_iPhone = "UIInterfaceOrientationPortrait UIInterfaceOrientationLandscapeLeft UIInterfaceOrientationLandscapeRight";
				LD_RUNPATH_SEARCH_PATHS = (
					"$(inherited)",
					"@executable_path/Frameworks",
				);
				MARKETING_VERSION = 1.0;
				PRODUCT_BUNDLE_IDENTIFIER = magedmohamed.PremiumCard34ML;
				PRODUCT_NAME = "$(TARGET_NAME)";
				SWIFT_EMIT_LOC_STRINGS = YES;
				SWIFT_VERSION = 5.0;
				TARGETED_DEVICE_FAMILY = "1,2";
			};
			name = Release;
		};
		C88E477A2B053B1100A6A3B4 /* Debug */ = {
			isa = XCBuildConfiguration;
			buildSettings = {
				ALWAYS_EMBED_SWIFT_STANDARD_LIBRARIES = YES;
				BUNDLE_LOADER = "$(TEST_HOST)";
				CODE_SIGN_STYLE = Automatic;
				CURRENT_PROJECT_VERSION = 1;
				GENERATE_INFOPLIST_FILE = YES;
				IPHONEOS_DEPLOYMENT_TARGET = 17.0;
				MARKETING_VERSION = 1.0;
				PRODUCT_BUNDLE_IDENTIFIER = magedmohamed.PremiumCard34MLTests;
				PRODUCT_NAME = "$(TARGET_NAME)";
				SWIFT_EMIT_LOC_STRINGS = NO;
				SWIFT_VERSION = 5.0;
				TARGETED_DEVICE_FAMILY = "1,2";
				TEST_HOST = "$(BUILT_PRODUCTS_DIR)/PremiumCard34ML.app/$(BUNDLE_EXECUTABLE_FOLDER_PATH)/PremiumCard34ML";
			};
			name = Debug;
		};
		C88E477B2B053B1100A6A3B4 /* Release */ = {
			isa = XCBuildConfiguration;
			buildSettings = {
				ALWAYS_EMBED_SWIFT_STANDARD_LIBRARIES = YES;
				BUNDLE_LOADER = "$(TEST_HOST)";
				CODE_SIGN_STYLE = Automatic;
				CURRENT_PROJECT_VERSION = 1;
				GENERATE_INFOPLIST_FILE = YES;
				IPHONEOS_DEPLOYMENT_TARGET = 17.0;
				MARKETING_VERSION = 1.0;
				PRODUCT_BUNDLE_IDENTIFIER = magedmohamed.PremiumCard34MLTests;
				PRODUCT_NAME = "$(TARGET_NAME)";
				SWIFT_EMIT_LOC_STRINGS = NO;
				SWIFT_VERSION = 5.0;
				TARGETED_DEVICE_FAMILY = "1,2";
				TEST_HOST = "$(BUILT_PRODUCTS_DIR)/PremiumCard34ML.app/$(BUNDLE_EXECUTABLE_FOLDER_PATH)/PremiumCard34ML";
			};
			name = Release;
		};
		C88E477D2B053B1100A6A3B4 /* Debug */ = {
			isa = XCBuildConfiguration;
			buildSettings = {
				ALWAYS_EMBED_SWIFT_STANDARD_LIBRARIES = YES;
				CODE_SIGN_STYLE = Automatic;
				CURRENT_PROJECT_VERSION = 1;
				GENERATE_INFOPLIST_FILE = YES;
				MARKETING_VERSION = 1.0;
				PRODUCT_BUNDLE_IDENTIFIER = magedmohamed.PremiumCard34MLUITests;
				PRODUCT_NAME = "$(TARGET_NAME)";
				SWIFT_EMIT_LOC_STRINGS = NO;
				SWIFT_VERSION = 5.0;
				TARGETED_DEVICE_FAMILY = "1,2";
				TEST_TARGET_NAME = PremiumCard34ML;
			};
			name = Debug;
		};
		C88E477E2B053B1100A6A3B4 /* Release */ = {
			isa = XCBuildConfiguration;
			buildSettings = {
				ALWAYS_EMBED_SWIFT_STANDARD_LIBRARIES = YES;
				CODE_SIGN_STYLE = Automatic;
				CURRENT_PROJECT_VERSION = 1;
				GENERATE_INFOPLIST_FILE = YES;
				MARKETING_VERSION = 1.0;
				PRODUCT_BUNDLE_IDENTIFIER = magedmohamed.PremiumCard34MLUITests;
				PRODUCT_NAME = "$(TARGET_NAME)";
				SWIFT_EMIT_LOC_STRINGS = NO;
				SWIFT_VERSION = 5.0;
				TARGETED_DEVICE_FAMILY = "1,2";
				TEST_TARGET_NAME = PremiumCard34ML;
			};
			name = Release;
		};
/* End XCBuildConfiguration section */

/* Begin XCConfigurationList section */
		C88E474D2B053B1000A6A3B4 /* Build configuration list for PBXProject "PremiumCard34ML" */ = {
			isa = XCConfigurationList;
			buildConfigurations = (
				C88E47742B053B1100A6A3B4 /* Debug */,
				C88E47752B053B1100A6A3B4 /* Release */,
			);
			defaultConfigurationIsVisible = 0;
			defaultConfigurationName = Release;
		};
		C88E47762B053B1100A6A3B4 /* Build configuration list for PBXNativeTarget "PremiumCard34ML" */ = {
			isa = XCConfigurationList;
			buildConfigurations = (
				C88E47772B053B1100A6A3B4 /* Debug */,
				C88E47782B053B1100A6A3B4 /* Release */,
			);
			defaultConfigurationIsVisible = 0;
			defaultConfigurationName = Release;
		};
		C88E47792B053B1100A6A3B4 /* Build configuration list for PBXNativeTarget "PremiumCard34MLTests" */ = {
			isa = XCConfigurationList;
			buildConfigurations = (
				C88E477A2B053B1100A6A3B4 /* Debug */,
				C88E477B2B053B1100A6A3B4 /* Release */,
			);
			defaultConfigurationIsVisible = 0;
			defaultConfigurationName = Release;
		};
		C88E477C2B053B1100A6A3B4 /* Build configuration list for PBXNativeTarget "PremiumCard34MLUITests" */ = {
			isa = XCConfigurationList;
			buildConfigurations = (
				C88E477D2B053B1100A6A3B4 /* Debug */,
				C88E477E2B053B1100A6A3B4 /* Release */,
			);
			defaultConfigurationIsVisible = 0;
			defaultConfigurationName = Release;
		};
/* End XCConfigurationList section */
	};
	rootObject = C88E474A2B053B1000A6A3B4 /* Project object */;
}
